
Microsoft Visual Studio Solution File, Format Version 12.00
# Visual Studio Version 16
VisualStudioVersion = 16.0.33801.447
MinimumVisualStudioVersion = 10.0.40219.1
Project("{FAE04EC0-301F-11D3-BF4B-00C04F79EFBC}") = "Enums", "Enums\Enums.csproj", "{C7307768-E313-4148-A95E-2836C68CA697}"
EndProject
Global
	GlobalSection(SolutionConfigurationPlatforms) = preSolution
		Debug|Any CPU = Debug|Any CPU
		Release|Any CPU = Release|Any CPU
	EndGlobalSection
	GlobalSection(ProjectConfigurationPlatforms) = postSolution
		{C7307768-E313-4148-A95E-2836C68CA697}.Debug|Any CPU.ActiveCfg = Debug|Any CPU
		{C7307768-E313-4148-A95E-2836C68CA697}.Debug|Any CPU.Build.0 = Debug|Any CPU
		{C7307768-E313-4148-A95E-2836C68CA697}.Release|Any CPU.ActiveCfg = Release|Any CPU
		{C7307768-E313-4148-A95E-2836C68CA697}.Release|Any CPU.Build.0 = Release|Any CPU
	EndGlobalSection
	GlobalSection(SolutionProperties) = preSolution
		HideSolutionNode = FALSE
	EndGlobalSection
	GlobalSection(ExtensibilityGlobals) = postSolution
		SolutionGuid = {8B1A9133-622B-4712-94B7-7CDEF8E4BA25}
	EndGlobalSection
EndGlobal
