
Microsoft Visual Studio Solution File, Format Version 12.00
# Visual Studio Version 16
VisualStudioVersion = 16.0.33801.447
MinimumVisualStudioVersion = 10.0.40219.1
Project("{FAE04EC0-301F-11D3-BF4B-00C04F79EFBC}") = "Exceptions", "Exceptions\Exceptions.csproj", "{9C8479C0-F62E-4B91-9113-D8E74867B16A}"
EndProject
Global
	GlobalSection(SolutionConfigurationPlatforms) = preSolution
		Debug|Any CPU = Debug|Any CPU
		Release|Any CPU = Release|Any CPU
	EndGlobalSection
	GlobalSection(ProjectConfigurationPlatforms) = postSolution
		{9C8479C0-F62E-4B91-9113-D8E74867B16A}.Debug|Any CPU.ActiveCfg = Debug|Any CPU
		{9C8479C0-F62E-4B91-9113-D8E74867B16A}.Debug|Any CPU.Build.0 = Debug|Any CPU
		{9C8479C0-F62E-4B91-9113-D8E74867B16A}.Release|Any CPU.ActiveCfg = Release|Any CPU
		{9C8479C0-F62E-4B91-9113-D8E74867B16A}.Release|Any CPU.Build.0 = Release|Any CPU
	EndGlobalSection
	GlobalSection(SolutionProperties) = preSolution
		HideSolutionNode = FALSE
	EndGlobalSection
	GlobalSection(ExtensibilityGlobals) = postSolution
		SolutionGuid = {ED84EF6F-C4AF-4FBF-AB1E-4E56949550A9}
	EndGlobalSection
EndGlobal
