
Microsoft Visual Studio Solution File, Format Version 12.00
# Visual Studio Version 16
VisualStudioVersion = 16.0.33801.447
MinimumVisualStudioVersion = 10.0.40219.1
Project("{FAE04EC0-301F-11D3-BF4B-00C04F79EFBC}") = "TwentyOne", "TwentyOne\TwentyOne.csproj", "{506CA61C-2B06-4A1D-B095-E9E580D5EA7E}"
EndProject
Global
	GlobalSection(SolutionConfigurationPlatforms) = preSolution
		Debug|Any CPU = Debug|Any CPU
		Release|Any CPU = Release|Any CPU
	EndGlobalSection
	GlobalSection(ProjectConfigurationPlatforms) = postSolution
		{506CA61C-2B06-4A1D-B095-E9E580D5EA7E}.Debug|Any CPU.ActiveCfg = Debug|Any CPU
		{506CA61C-2B06-4A1D-B095-E9E580D5EA7E}.Debug|Any CPU.Build.0 = Debug|Any CPU
		{506CA61C-2B06-4A1D-B095-E9E580D5EA7E}.Release|Any CPU.ActiveCfg = Release|Any CPU
		{506CA61C-2B06-4A1D-B095-E9E580D5EA7E}.Release|Any CPU.Build.0 = Release|Any CPU
	EndGlobalSection
	GlobalSection(SolutionProperties) = preSolution
		HideSolutionNode = FALSE
	EndGlobalSection
	GlobalSection(ExtensibilityGlobals) = postSolution
		SolutionGuid = {0DEAFC2B-B430-4ADE-8555-E47BA4F8CC15}
	EndGlobalSection
EndGlobal
