
Microsoft Visual Studio Solution File, Format Version 12.00
# Visual Studio Version 16
VisualStudioVersion = 16.0.33801.447
MinimumVisualStudioVersion = 10.0.40219.1
Project("{FAE04EC0-301F-11D3-BF4B-00C04F79EFBC}") = "SixPartProject2", "SixPartProject2\SixPartProject2.csproj", "{AB75A0D9-0707-4093-9809-B30E191D6140}"
EndProject
Global
	GlobalSection(SolutionConfigurationPlatforms) = preSolution
		Debug|Any CPU = Debug|Any CPU
		Release|Any CPU = Release|Any CPU
	EndGlobalSection
	GlobalSection(ProjectConfigurationPlatforms) = postSolution
		{AB75A0D9-0707-4093-9809-B30E191D6140}.Debug|Any CPU.ActiveCfg = Debug|Any CPU
		{AB75A0D9-0707-4093-9809-B30E191D6140}.Debug|Any CPU.Build.0 = Debug|Any CPU
		{AB75A0D9-0707-4093-9809-B30E191D6140}.Release|Any CPU.ActiveCfg = Release|Any CPU
		{AB75A0D9-0707-4093-9809-B30E191D6140}.Release|Any CPU.Build.0 = Release|Any CPU
	EndGlobalSection
	GlobalSection(SolutionProperties) = preSolution
		HideSolutionNode = FALSE
	EndGlobalSection
	GlobalSection(ExtensibilityGlobals) = postSolution
		SolutionGuid = {D66336BF-EE56-414F-9C13-C29D1CE44A09}
	EndGlobalSection
EndGlobal
